
Microsoft Visual Studio Solution File, Format Version 12.00
# Visual Studio Version 17
VisualStudioVersion = 17.13.35825.156
MinimumVisualStudioVersion = 10.0.40219.1
Project("{FAE04EC0-301F-11D3-BF4B-00C04F79EFBC}") = "HomeLibrary", "WinFormsApp1\HomeLibrary.csproj", "{6A271F87-672D-4B1E-A912-F55342555AE2}"
EndProject
Global
	GlobalSection(SolutionConfigurationPlatforms) = preSolution
		Debug|Any CPU = Debug|Any CPU
		Release|Any CPU = Release|Any CPU
	EndGlobalSection
	GlobalSection(ProjectConfigurationPlatforms) = postSolution
		{6A271F87-672D-4B1E-A912-F55342555AE2}.Debug|Any CPU.ActiveCfg = Debug|Any CPU
		{6A271F87-672D-4B1E-A912-F55342555AE2}.Debug|Any CPU.Build.0 = Debug|Any CPU
		{6A271F87-672D-4B1E-A912-F55342555AE2}.Release|Any CPU.ActiveCfg = Release|Any CPU
		{6A271F87-672D-4B1E-A912-F55342555AE2}.Release|Any CPU.Build.0 = Release|Any CPU
	EndGlobalSection
	GlobalSection(SolutionProperties) = preSolution
		HideSolutionNode = FALSE
	EndGlobalSection
	GlobalSection(ExtensibilityGlobals) = postSolution
		SolutionGuid = {0FEAC3CD-F0DE-4472-9BBF-C462667B22FB}
	EndGlobalSection
EndGlobal
